
Microsoft Visual Studio Solution File, Format Version 12.00
# Visual Studio Version 16
VisualStudioVersion = 16.0.32407.337
MinimumVisualStudioVersion = 10.0.40219.1
Project("{FAE04EC0-301F-11D3-BF4B-00C04F79EFBC}") = "SchedulingUI", "SchedulingUI\SchedulingUI.csproj", "{FE359D80-1A58-4887-8198-E5648810409F}"
EndProject
Global
	GlobalSection(SolutionConfigurationPlatforms) = preSolution
		Debug|Any CPU = Debug|Any CPU
		Release|Any CPU = Release|Any CPU
	EndGlobalSection
	GlobalSection(ProjectConfigurationPlatforms) = postSolution
		{FE359D80-1A58-4887-8198-E5648810409F}.Debug|Any CPU.ActiveCfg = Debug|Any CPU
		{FE359D80-1A58-4887-8198-E5648810409F}.Debug|Any CPU.Build.0 = Debug|Any CPU
		{FE359D80-1A58-4887-8198-E5648810409F}.Release|Any CPU.ActiveCfg = Release|Any CPU
		{FE359D80-1A58-4887-8198-E5648810409F}.Release|Any CPU.Build.0 = Release|Any CPU
	EndGlobalSection
	GlobalSection(SolutionProperties) = preSolution
		HideSolutionNode = FALSE
	EndGlobalSection
	GlobalSection(ExtensibilityGlobals) = postSolution
		SolutionGuid = {50EC3751-CFF1-41C3-B986-237E0A4E73D7}
	EndGlobalSection
EndGlobal
